
Microsoft Visual Studio Solution File, Format Version 12.00
# Visual Studio Version 17
VisualStudioVersion = 17.5.33627.172
MinimumVisualStudioVersion = 10.0.40219.1
Project("{FAE04EC0-301F-11D3-BF4B-00C04F79EFBC}") = "sclad", "sclad\sclad.csproj", "{BEB01CE4-2C7D-447B-AA01-4C1AD32F8363}"
EndProject
Global
	GlobalSection(SolutionConfigurationPlatforms) = preSolution
		Debug|Any CPU = Debug|Any CPU
		Release|Any CPU = Release|Any CPU
	EndGlobalSection
	GlobalSection(ProjectConfigurationPlatforms) = postSolution
		{BEB01CE4-2C7D-447B-AA01-4C1AD32F8363}.Debug|Any CPU.ActiveCfg = Debug|Any CPU
		{BEB01CE4-2C7D-447B-AA01-4C1AD32F8363}.Debug|Any CPU.Build.0 = Debug|Any CPU
		{BEB01CE4-2C7D-447B-AA01-4C1AD32F8363}.Release|Any CPU.ActiveCfg = Release|Any CPU
		{BEB01CE4-2C7D-447B-AA01-4C1AD32F8363}.Release|Any CPU.Build.0 = Release|Any CPU
	EndGlobalSection
	GlobalSection(SolutionProperties) = preSolution
		HideSolutionNode = FALSE
	EndGlobalSection
	GlobalSection(ExtensibilityGlobals) = postSolution
		SolutionGuid = {C69F04B3-A1BF-4CCA-91BD-0D16A5263B6B}
	EndGlobalSection
EndGlobal
